
Microsoft Visual Studio Solution File, Format Version 12.00
# Visual Studio Version 16
VisualStudioVersion = 16.0.31402.337
MinimumVisualStudioVersion = 10.0.40219.1
Project("{FAE04EC0-301F-11D3-BF4B-00C04F79EFBC}") = "KeyenceCvXTest", "KeyenceCvXTest.csproj", "{5F82031C-522A-4563-8831-BA8EE5387989}"
EndProject
Global
	GlobalSection(SolutionConfigurationPlatforms) = preSolution
		Debug|Any CPU = Debug|Any CPU
		Release|Any CPU = Release|Any CPU
	EndGlobalSection
	GlobalSection(ProjectConfigurationPlatforms) = postSolution
		{5F82031C-522A-4563-8831-BA8EE5387989}.Debug|Any CPU.ActiveCfg = Debug|Any CPU
		{5F82031C-522A-4563-8831-BA8EE5387989}.Debug|Any CPU.Build.0 = Debug|Any CPU
		{5F82031C-522A-4563-8831-BA8EE5387989}.Release|Any CPU.ActiveCfg = Release|Any CPU
		{5F82031C-522A-4563-8831-BA8EE5387989}.Release|Any CPU.Build.0 = Release|Any CPU
	EndGlobalSection
	GlobalSection(SolutionProperties) = preSolution
		HideSolutionNode = FALSE
	EndGlobalSection
	GlobalSection(ExtensibilityGlobals) = postSolution
		SolutionGuid = {07474ED6-C0A3-45B5-8C3A-D1363A785678}
	EndGlobalSection
EndGlobal
